
Microsoft Visual Studio Solution File, Format Version 12.00
# Visual Studio Version 17
VisualStudioVersion = 17.11.35303.130
MinimumVisualStudioVersion = 10.0.40219.1
Project("{FAE04EC0-301F-11D3-BF4B-00C04F79EFBC}") = "BmsDisplayConfig", "BmsDisplayConfig.csproj", "{0782B1E5-9C8F-471E-A580-392F4FFDC9D8}"
EndProject
Global
	GlobalSection(SolutionConfigurationPlatforms) = preSolution
		Debug|Any CPU = Debug|Any CPU
		Release|Any CPU = Release|Any CPU
	EndGlobalSection
	GlobalSection(ProjectConfigurationPlatforms) = postSolution
		{0782B1E5-9C8F-471E-A580-392F4FFDC9D8}.Debug|Any CPU.ActiveCfg = Debug|Any CPU
		{0782B1E5-9C8F-471E-A580-392F4FFDC9D8}.Debug|Any CPU.Build.0 = Debug|Any CPU
		{0782B1E5-9C8F-471E-A580-392F4FFDC9D8}.Release|Any CPU.ActiveCfg = Release|Any CPU
		{0782B1E5-9C8F-471E-A580-392F4FFDC9D8}.Release|Any CPU.Build.0 = Release|Any CPU
	EndGlobalSection
	GlobalSection(SolutionProperties) = preSolution
		HideSolutionNode = FALSE
	EndGlobalSection
	GlobalSection(ExtensibilityGlobals) = postSolution
		SolutionGuid = {34598474-A549-400B-BD82-0C3E477AE7E0}
	EndGlobalSection
EndGlobal
